
Microsoft Visual Studio Solution File, Format Version 12.00
Project("{FAE04EC0-301F-11D3-BF4B-00C04F79EFBC}") = "FrequencySearchEngine", "FrequencySearchEngine\FrequencySearchEngine.csproj", "{6557D28E-74C9-46F6-BF43-2C6742D47569}"
EndProject
Project("{FAE04EC0-301F-11D3-BF4B-00C04F79EFBC}") = "FrequencySearchTests", "FrequencySearchTests\FrequencySearchTests.csproj", "{BA1B54F7-4B8D-4D72-9B64-0729FDD7F696}"
EndProject
Project("{FAE04EC0-301F-11D3-BF4B-00C04F79EFBC}") = "FrequencySearchEngineAbstractions", "FrequencySearchEngineAbstractions\FrequencySearchEngineAbstractions.csproj", "{D692104C-29BB-402B-BD0B-BFEEFAA95C0B}"
EndProject
Project("{FAE04EC0-301F-11D3-BF4B-00C04F79EFBC}") = "SearchEngineConsoleWrapper", "SearchEngineConsoleWrapper\SearchEngineConsoleWrapper.csproj", "{BC7AA859-864F-4ABF-8694-42CD85B8BFB7}"
EndProject
Project("{FAE04EC0-301F-11D3-BF4B-00C04F79EFBC}") = "Helpers", "Helpers\Helpers.csproj", "{3D2881B5-F81F-4AE6-B702-4F90D150063F}"
EndProject
Project("{FAE04EC0-301F-11D3-BF4B-00C04F79EFBC}") = "FileOperations", "FileOperations\FileOperations.csproj", "{D85B385E-8DBF-41AA-B3FE-85B53989539D}"
EndProject
Project("{2150E333-8FDC-42A3-9474-1A3956D46DE8}") = "Core", "Core", "{5B1D60AE-3226-486C-A854-73D50856D113}"
EndProject
Project("{2150E333-8FDC-42A3-9474-1A3956D46DE8}") = "Tests", "Tests", "{44B607E0-F297-4422-893D-69B3F761FACE}"
EndProject
Project("{FAE04EC0-301F-11D3-BF4B-00C04F79EFBC}") = "HelpersTests", "HelpersTests\HelpersTests.csproj", "{CED6BD9C-DAF9-4437-86FD-AFF8BAD22D49}"
EndProject
Global
	GlobalSection(SolutionConfigurationPlatforms) = preSolution
		Debug|Any CPU = Debug|Any CPU
		Release|Any CPU = Release|Any CPU
	EndGlobalSection
	GlobalSection(ProjectConfigurationPlatforms) = postSolution
		{6557D28E-74C9-46F6-BF43-2C6742D47569}.Debug|Any CPU.ActiveCfg = Debug|Any CPU
		{6557D28E-74C9-46F6-BF43-2C6742D47569}.Debug|Any CPU.Build.0 = Debug|Any CPU
		{6557D28E-74C9-46F6-BF43-2C6742D47569}.Release|Any CPU.ActiveCfg = Release|Any CPU
		{6557D28E-74C9-46F6-BF43-2C6742D47569}.Release|Any CPU.Build.0 = Release|Any CPU
		{BA1B54F7-4B8D-4D72-9B64-0729FDD7F696}.Debug|Any CPU.ActiveCfg = Debug|Any CPU
		{BA1B54F7-4B8D-4D72-9B64-0729FDD7F696}.Debug|Any CPU.Build.0 = Debug|Any CPU
		{BA1B54F7-4B8D-4D72-9B64-0729FDD7F696}.Release|Any CPU.ActiveCfg = Release|Any CPU
		{BA1B54F7-4B8D-4D72-9B64-0729FDD7F696}.Release|Any CPU.Build.0 = Release|Any CPU
		{D692104C-29BB-402B-BD0B-BFEEFAA95C0B}.Debug|Any CPU.ActiveCfg = Debug|Any CPU
		{D692104C-29BB-402B-BD0B-BFEEFAA95C0B}.Debug|Any CPU.Build.0 = Debug|Any CPU
		{D692104C-29BB-402B-BD0B-BFEEFAA95C0B}.Release|Any CPU.ActiveCfg = Release|Any CPU
		{D692104C-29BB-402B-BD0B-BFEEFAA95C0B}.Release|Any CPU.Build.0 = Release|Any CPU
		{BC7AA859-864F-4ABF-8694-42CD85B8BFB7}.Debug|Any CPU.ActiveCfg = Debug|Any CPU
		{BC7AA859-864F-4ABF-8694-42CD85B8BFB7}.Debug|Any CPU.Build.0 = Debug|Any CPU
		{BC7AA859-864F-4ABF-8694-42CD85B8BFB7}.Release|Any CPU.ActiveCfg = Release|Any CPU
		{BC7AA859-864F-4ABF-8694-42CD85B8BFB7}.Release|Any CPU.Build.0 = Release|Any CPU
		{3D2881B5-F81F-4AE6-B702-4F90D150063F}.Debug|Any CPU.ActiveCfg = Debug|Any CPU
		{3D2881B5-F81F-4AE6-B702-4F90D150063F}.Debug|Any CPU.Build.0 = Debug|Any CPU
		{3D2881B5-F81F-4AE6-B702-4F90D150063F}.Release|Any CPU.ActiveCfg = Release|Any CPU
		{3D2881B5-F81F-4AE6-B702-4F90D150063F}.Release|Any CPU.Build.0 = Release|Any CPU
		{D85B385E-8DBF-41AA-B3FE-85B53989539D}.Debug|Any CPU.ActiveCfg = Debug|Any CPU
		{D85B385E-8DBF-41AA-B3FE-85B53989539D}.Debug|Any CPU.Build.0 = Debug|Any CPU
		{D85B385E-8DBF-41AA-B3FE-85B53989539D}.Release|Any CPU.ActiveCfg = Release|Any CPU
		{D85B385E-8DBF-41AA-B3FE-85B53989539D}.Release|Any CPU.Build.0 = Release|Any CPU
		{CED6BD9C-DAF9-4437-86FD-AFF8BAD22D49}.Debug|Any CPU.ActiveCfg = Debug|Any CPU
		{CED6BD9C-DAF9-4437-86FD-AFF8BAD22D49}.Debug|Any CPU.Build.0 = Debug|Any CPU
		{CED6BD9C-DAF9-4437-86FD-AFF8BAD22D49}.Release|Any CPU.ActiveCfg = Release|Any CPU
		{CED6BD9C-DAF9-4437-86FD-AFF8BAD22D49}.Release|Any CPU.Build.0 = Release|Any CPU
	EndGlobalSection
	GlobalSection(NestedProjects) = preSolution
		{D85B385E-8DBF-41AA-B3FE-85B53989539D} = {5B1D60AE-3226-486C-A854-73D50856D113}
		{6557D28E-74C9-46F6-BF43-2C6742D47569} = {5B1D60AE-3226-486C-A854-73D50856D113}
		{D692104C-29BB-402B-BD0B-BFEEFAA95C0B} = {5B1D60AE-3226-486C-A854-73D50856D113}
		{3D2881B5-F81F-4AE6-B702-4F90D150063F} = {5B1D60AE-3226-486C-A854-73D50856D113}
		{BC7AA859-864F-4ABF-8694-42CD85B8BFB7} = {5B1D60AE-3226-486C-A854-73D50856D113}
		{BA1B54F7-4B8D-4D72-9B64-0729FDD7F696} = {44B607E0-F297-4422-893D-69B3F761FACE}
		{CED6BD9C-DAF9-4437-86FD-AFF8BAD22D49} = {44B607E0-F297-4422-893D-69B3F761FACE}
	EndGlobalSection
EndGlobal
